// !$*UTF8*$!
{
	archiveVersion = 1;
	classes = {
	};
	objectVersion = 50;
	objects = {

/* Begin PBXBuildFile section */
		C922564624E48D0600DB62A4 /* RecipeDetailCell.swift in Sources */ = {isa = PBXBuildFile; fileRef = C922564524E48D0600DB62A4 /* RecipeDetailCell.swift */; };
		C922564824E4903000DB62A4 /* RecipeDetailModel.swift in Sources */ = {isa = PBXBuildFile; fileRef = C922564724E4903000DB62A4 /* RecipeDetailModel.swift */; };
		C922564A24E4920400DB62A4 /* RecipeDetailViewModel.swift in Sources */ = {isa = PBXBuildFile; fileRef = C922564924E4920400DB62A4 /* RecipeDetailViewModel.swift */; };
		C95D175124E41943003DF511 /* AppDelegate.swift in Sources */ = {isa = PBXBuildFile; fileRef = C95D175024E41943003DF511 /* AppDelegate.swift */; };
		C95D175324E41943003DF511 /* SceneDelegate.swift in Sources */ = {isa = PBXBuildFile; fileRef = C95D175224E41943003DF511 /* SceneDelegate.swift */; };
		C95D175524E41943003DF511 /* RecipeListViewController.swift in Sources */ = {isa = PBXBuildFile; fileRef = C95D175424E41943003DF511 /* RecipeListViewController.swift */; };
		C95D175824E41943003DF511 /* Main.storyboard in Resources */ = {isa = PBXBuildFile; fileRef = C95D175624E41943003DF511 /* Main.storyboard */; };
		C95D175A24E41944003DF511 /* Assets.xcassets in Resources */ = {isa = PBXBuildFile; fileRef = C95D175924E41944003DF511 /* Assets.xcassets */; };
		C95D175D24E41944003DF511 /* LaunchScreen.storyboard in Resources */ = {isa = PBXBuildFile; fileRef = C95D175B24E41944003DF511 /* LaunchScreen.storyboard */; };
		C9CF7C5024E41D9000835B7C /* RecipeCell.swift in Sources */ = {isa = PBXBuildFile; fileRef = C9CF7C4F24E41D9000835B7C /* RecipeCell.swift */; };
		C9CF7C5324E4219400835B7C /* Recipe.swift in Sources */ = {isa = PBXBuildFile; fileRef = C9CF7C5224E4219400835B7C /* Recipe.swift */; };
		C9CF7C5724E424BE00835B7C /* RecipeViewModel.swift in Sources */ = {isa = PBXBuildFile; fileRef = C9CF7C5624E424BE00835B7C /* RecipeViewModel.swift */; };
		C9CF7C5A24E4255900835B7C /* Network.swift in Sources */ = {isa = PBXBuildFile; fileRef = C9CF7C5924E4255900835B7C /* Network.swift */; };
		C9CF7C5C24E431A300835B7C /* RecipeDetailViewController.swift in Sources */ = {isa = PBXBuildFile; fileRef = C9CF7C5B24E431A300835B7C /* RecipeDetailViewController.swift */; };
/* End PBXBuildFile section */

/* Begin PBXFileReference section */
		C922564524E48D0600DB62A4 /* RecipeDetailCell.swift */ = {isa = PBXFileReference; lastKnownFileType = sourcecode.swift; path = RecipeDetailCell.swift; sourceTree = "<group>"; };
		C922564724E4903000DB62A4 /* RecipeDetailModel.swift */ = {isa = PBXFileReference; lastKnownFileType = sourcecode.swift; path = RecipeDetailModel.swift; sourceTree = "<group>"; };
		C922564924E4920400DB62A4 /* RecipeDetailViewModel.swift */ = {isa = PBXFileReference; lastKnownFileType = sourcecode.swift; path = RecipeDetailViewModel.swift; sourceTree = "<group>"; };
		C95D174D24E41943003DF511 /* RecipeBook.app */ = {isa = PBXFileReference; explicitFileType = wrapper.application; includeInIndex = 0; path = RecipeBook.app; sourceTree = BUILT_PRODUCTS_DIR; };
		C95D175024E41943003DF511 /* AppDelegate.swift */ = {isa = PBXFileReference; lastKnownFileType = sourcecode.swift; path = AppDelegate.swift; sourceTree = "<group>"; };
		C95D175224E41943003DF511 /* SceneDelegate.swift */ = {isa = PBXFileReference; lastKnownFileType = sourcecode.swift; path = SceneDelegate.swift; sourceTree = "<group>"; };
		C95D175424E41943003DF511 /* RecipeListViewController.swift */ = {isa = PBXFileReference; lastKnownFileType = sourcecode.swift; path = RecipeListViewController.swift; sourceTree = "<group>"; };
		C95D175724E41943003DF511 /* Base */ = {isa = PBXFileReference; lastKnownFileType = file.storyboard; name = Base; path = Base.lproj/Main.storyboard; sourceTree = "<group>"; };
		C95D175924E41944003DF511 /* Assets.xcassets */ = {isa = PBXFileReference; lastKnownFileType = folder.assetcatalog; path = Assets.xcassets; sourceTree = "<group>"; };
		C95D175C24E41944003DF511 /* Base */ = {isa = PBXFileReference; lastKnownFileType = file.storyboard; name = Base; path = Base.lproj/LaunchScreen.storyboard; sourceTree = "<group>"; };
		C95D175E24E41944003DF511 /* Info.plist */ = {isa = PBXFileReference; lastKnownFileType = text.plist.xml; path = Info.plist; sourceTree = "<group>"; };
		C9CF7C4F24E41D9000835B7C /* RecipeCell.swift */ = {isa = PBXFileReference; lastKnownFileType = sourcecode.swift; path = RecipeCell.swift; sourceTree = "<group>"; };
		C9CF7C5224E4219400835B7C /* Recipe.swift */ = {isa = PBXFileReference; lastKnownFileType = sourcecode.swift; path = Recipe.swift; sourceTree = "<group>"; };
		C9CF7C5624E424BE00835B7C /* RecipeViewModel.swift */ = {isa = PBXFileReference; lastKnownFileType = sourcecode.swift; path = RecipeViewModel.swift; sourceTree = "<group>"; };
		C9CF7C5924E4255900835B7C /* Network.swift */ = {isa = PBXFileReference; lastKnownFileType = sourcecode.swift; path = Network.swift; sourceTree = "<group>"; };
		C9CF7C5B24E431A300835B7C /* RecipeDetailViewController.swift */ = {isa = PBXFileReference; lastKnownFileType = sourcecode.swift; path = RecipeDetailViewController.swift; sourceTree = "<group>"; };
/* End PBXFileReference section */

/* Begin PBXFrameworksBuildPhase section */
		C95D174A24E41943003DF511 /* Frameworks */ = {
			isa = PBXFrameworksBuildPhase;
			buildActionMask = 2147483647;
			files = (
			);
			runOnlyForDeploymentPostprocessing = 0;
		};
/* End PBXFrameworksBuildPhase section */

/* Begin PBXGroup section */
		C95D174424E41943003DF511 = {
			isa = PBXGroup;
			children = (
				C95D174F24E41943003DF511 /* RecipeBook */,
				C95D174E24E41943003DF511 /* Products */,
			);
			sourceTree = "<group>";
		};
		C95D174E24E41943003DF511 /* Products */ = {
			isa = PBXGroup;
			children = (
				C95D174D24E41943003DF511 /* RecipeBook.app */,
			);
			name = Products;
			sourceTree = "<group>";
		};
		C95D174F24E41943003DF511 /* RecipeBook */ = {
			isa = PBXGroup;
			children = (
				C9CF7C5824E4253F00835B7C /* NetworkManager */,
				C9CF7C5524E4249300835B7C /* ViewModel */,
				C9CF7C5124E4215B00835B7C /* RecipeModels */,
				C95D175024E41943003DF511 /* AppDelegate.swift */,
				C95D175224E41943003DF511 /* SceneDelegate.swift */,
				C95D175424E41943003DF511 /* RecipeListViewController.swift */,
				C95D175624E41943003DF511 /* Main.storyboard */,
				C95D175924E41944003DF511 /* Assets.xcassets */,
				C95D175B24E41944003DF511 /* LaunchScreen.storyboard */,
				C95D175E24E41944003DF511 /* Info.plist */,
				C9CF7C4F24E41D9000835B7C /* RecipeCell.swift */,
				C9CF7C5B24E431A300835B7C /* RecipeDetailViewController.swift */,
				C922564524E48D0600DB62A4 /* RecipeDetailCell.swift */,
			);
			path = RecipeBook;
			sourceTree = "<group>";
		};
		C9CF7C5124E4215B00835B7C /* RecipeModels */ = {
			isa = PBXGroup;
			children = (
				C9CF7C5224E4219400835B7C /* Recipe.swift */,
				C922564724E4903000DB62A4 /* RecipeDetailModel.swift */,
			);
			path = RecipeModels;
			sourceTree = "<group>";
		};
		C9CF7C5524E4249300835B7C /* ViewModel */ = {
			isa = PBXGroup;
			children = (
				C9CF7C5624E424BE00835B7C /* RecipeViewModel.swift */,
				C922564924E4920400DB62A4 /* RecipeDetailViewModel.swift */,
			);
			path = ViewModel;
			sourceTree = "<group>";
		};
		C9CF7C5824E4253F00835B7C /* NetworkManager */ = {
			isa = PBXGroup;
			children = (
				C9CF7C5924E4255900835B7C /* Network.swift */,
			);
			path = NetworkManager;
			sourceTree = "<group>";
		};
/* End PBXGroup section */

/* Begin PBXNativeTarget section */
		C95D174C24E41943003DF511 /* RecipeBook */ = {
			isa = PBXNativeTarget;
			buildConfigurationList = C95D176124E41944003DF511 /* Build configuration list for PBXNativeTarget "RecipeBook" */;
			buildPhases = (
				C95D174924E41943003DF511 /* Sources */,
				C95D174A24E41943003DF511 /* Frameworks */,
				C95D174B24E41943003DF511 /* Resources */,
			);
			buildRules = (
			);
			dependencies = (
			);
			name = RecipeBook;
			productName = RecipeBook;
			productReference = C95D174D24E41943003DF511 /* RecipeBook.app */;
			productType = "com.apple.product-type.application";
		};
/* End PBXNativeTarget section */

/* Begin PBXProject section */
		C95D174524E41943003DF511 /* Project object */ = {
			isa = PBXProject;
			attributes = {
				LastSwiftUpdateCheck = 1200;
				LastUpgradeCheck = 1200;
				TargetAttributes = {
					C95D174C24E41943003DF511 = {
						CreatedOnToolsVersion = 12.0;
					};
				};
			};
			buildConfigurationList = C95D174824E41943003DF511 /* Build configuration list for PBXProject "RecipeBook" */;
			compatibilityVersion = "Xcode 9.3";
			developmentRegion = en;
			hasScannedForEncodings = 0;
			knownRegions = (
				en,
				Base,
			);
			mainGroup = C95D174424E41943003DF511;
			productRefGroup = C95D174E24E41943003DF511 /* Products */;
			projectDirPath = "";
			projectRoot = "";
			targets = (
				C95D174C24E41943003DF511 /* RecipeBook */,
			);
		};
/* End PBXProject section */

/* Begin PBXResourcesBuildPhase section */
		C95D174B24E41943003DF511 /* Resources */ = {
			isa = PBXResourcesBuildPhase;
			buildActionMask = 2147483647;
			files = (
				C95D175D24E41944003DF511 /* LaunchScreen.storyboard in Resources */,
				C95D175A24E41944003DF511 /* Assets.xcassets in Resources */,
				C95D175824E41943003DF511 /* Main.storyboard in Resources */,
			);
			runOnlyForDeploymentPostprocessing = 0;
		};
/* End PBXResourcesBuildPhase section */

/* Begin PBXSourcesBuildPhase section */
		C95D174924E41943003DF511 /* Sources */ = {
			isa = PBXSourcesBuildPhase;
			buildActionMask = 2147483647;
			files = (
				C95D175524E41943003DF511 /* RecipeListViewController.swift in Sources */,
				C922564624E48D0600DB62A4 /* RecipeDetailCell.swift in Sources */,
				C922564A24E4920400DB62A4 /* RecipeDetailViewModel.swift in Sources */,
				C95D175124E41943003DF511 /* AppDelegate.swift in Sources */,
				C9CF7C5C24E431A300835B7C /* RecipeDetailViewController.swift in Sources */,
				C922564824E4903000DB62A4 /* RecipeDetailModel.swift in Sources */,
				C95D175324E41943003DF511 /* SceneDelegate.swift in Sources */,
				C9CF7C5024E41D9000835B7C /* RecipeCell.swift in Sources */,
				C9CF7C5724E424BE00835B7C /* RecipeViewModel.swift in Sources */,
				C9CF7C5A24E4255900835B7C /* Network.swift in Sources */,
				C9CF7C5324E4219400835B7C /* Recipe.swift in Sources */,
			);
			runOnlyForDeploymentPostprocessing = 0;
		};
/* End PBXSourcesBuildPhase section */

/* Begin PBXVariantGroup section */
		C95D175624E41943003DF511 /* Main.storyboard */ = {
			isa = PBXVariantGroup;
			children = (
				C95D175724E41943003DF511 /* Base */,
			);
			name = Main.storyboard;
			sourceTree = "<group>";
		};
		C95D175B24E41944003DF511 /* LaunchScreen.storyboard */ = {
			isa = PBXVariantGroup;
			children = (
				C95D175C24E41944003DF511 /* Base */,
			);
			name = LaunchScreen.storyboard;
			sourceTree = "<group>";
		};
/* End PBXVariantGroup section */

/* Begin XCBuildConfiguration section */
		C95D175F24E41944003DF511 /* Debug */ = {
			isa = XCBuildConfiguration;
			buildSettings = {
				ALWAYS_SEARCH_USER_PATHS = NO;
				CLANG_ANALYZER_NONNULL = YES;
				CLANG_ANALYZER_NUMBER_OBJECT_CONVERSION = YES_AGGRESSIVE;
				CLANG_CXX_LANGUAGE_STANDARD = "gnu++14";
				CLANG_CXX_LIBRARY = "libc++";
				CLANG_ENABLE_MODULES = YES;
				CLANG_ENABLE_OBJC_ARC = YES;
				CLANG_ENABLE_OBJC_WEAK = YES;
				CLANG_WARN_BLOCK_CAPTURE_AUTORELEASING = YES;
				CLANG_WARN_BOOL_CONVERSION = YES;
				CLANG_WARN_COMMA = YES;
				CLANG_WARN_CONSTANT_CONVERSION = YES;
				CLANG_WARN_DEPRECATED_OBJC_IMPLEMENTATIONS = YES;
				CLANG_WARN_DIRECT_OBJC_ISA_USAGE = YES_ERROR;
				CLANG_WARN_DOCUMENTATION_COMMENTS = YES;
				CLANG_WARN_EMPTY_BODY = YES;
				CLANG_WARN_ENUM_CONVERSION = YES;
				CLANG_WARN_INFINITE_RECURSION = YES;
				CLANG_WARN_INT_CONVERSION = YES;
				CLANG_WARN_NON_LITERAL_NULL_CONVERSION = YES;
				CLANG_WARN_OBJC_IMPLICIT_RETAIN_SELF = YES;
				CLANG_WARN_OBJC_LITERAL_CONVERSION = YES;
				CLANG_WARN_OBJC_ROOT_CLASS = YES_ERROR;
				CLANG_WARN_QUOTED_INCLUDE_IN_FRAMEWORK_HEADER = YES;
				CLANG_WARN_RANGE_LOOP_ANALYSIS = YES;
				CLANG_WARN_STRICT_PROTOTYPES = YES;
				CLANG_WARN_SUSPICIOUS_MOVE = YES;
				CLANG_WARN_UNGUARDED_AVAILABILITY = YES_AGGRESSIVE;
				CLANG_WARN_UNREACHABLE_CODE = YES;
				CLANG_WARN__DUPLICATE_METHOD_MATCH = YES;
				COPY_PHASE_STRIP = NO;
				DEBUG_INFORMATION_FORMAT = dwarf;
				ENABLE_STRICT_OBJC_MSGSEND = YES;
				ENABLE_TESTABILITY = YES;
				GCC_C_LANGUAGE_STANDARD = gnu11;
				GCC_DYNAMIC_NO_PIC = NO;
				GCC_NO_COMMON_BLOCKS = YES;
				GCC_OPTIMIZATION_LEVEL = 0;
				GCC_PREPROCESSOR_DEFINITIONS = (
					"DEBUG=1",
					"$(inherited)",
				);
				GCC_WARN_64_TO_32_BIT_CONVERSION = YES;
				GCC_WARN_ABOUT_RETURN_TYPE = YES_ERROR;
				GCC_WARN_UNDECLARED_SELECTOR = YES;
				GCC_WARN_UNINITIALIZED_AUTOS = YES_AGGRESSIVE;
				GCC_WARN_UNUSED_FUNCTION = YES;
				GCC_WARN_UNUSED_VARIABLE = YES;
				IPHONEOS_DEPLOYMENT_TARGET = 14.0;
				MTL_ENABLE_DEBUG_INFO = INCLUDE_SOURCE;
				MTL_FAST_MATH = YES;
				ONLY_ACTIVE_ARCH = YES;
				SDKROOT = iphoneos;
				SWIFT_ACTIVE_COMPILATION_CONDITIONS = DEBUG;
				SWIFT_OPTIMIZATION_LEVEL = "-Onone";
			};
			name = Debug;
		};
		C95D176024E41944003DF511 /* Release */ = {
			isa = XCBuildConfiguration;
			buildSettings = {
				ALWAYS_SEARCH_USER_PATHS = NO;
				CLANG_ANALYZER_NONNULL = YES;
				CLANG_ANALYZER_NUMBER_OBJECT_CONVERSION = YES_AGGRESSIVE;
				CLANG_CXX_LANGUAGE_STANDARD = "gnu++14";
				CLANG_CXX_LIBRARY = "libc++";
				CLANG_ENABLE_MODULES = YES;
				CLANG_ENABLE_OBJC_ARC = YES;
				CLANG_ENABLE_OBJC_WEAK = YES;
				CLANG_WARN_BLOCK_CAPTURE_AUTORELEASING = YES;
				CLANG_WARN_BOOL_CONVERSION = YES;
				CLANG_WARN_COMMA = YES;
				CLANG_WARN_CONSTANT_CONVERSION = YES;
				CLANG_WARN_DEPRECATED_OBJC_IMPLEMENTATIONS = YES;
				CLANG_WARN_DIRECT_OBJC_ISA_USAGE = YES_ERROR;
				CLANG_WARN_DOCUMENTATION_COMMENTS = YES;
				CLANG_WARN_EMPTY_BODY = YES;
				CLANG_WARN_ENUM_CONVERSION = YES;
				CLANG_WARN_INFINITE_RECURSION = YES;
				CLANG_WARN_INT_CONVERSION = YES;
				CLANG_WARN_NON_LITERAL_NULL_CONVERSION = YES;
				CLANG_WARN_OBJC_IMPLICIT_RETAIN_SELF = YES;
				CLANG_WARN_OBJC_LITERAL_CONVERSION = YES;
				CLANG_WARN_OBJC_ROOT_CLASS = YES_ERROR;
				CLANG_WARN_QUOTED_INCLUDE_IN_FRAMEWORK_HEADER = YES;
				CLANG_WARN_RANGE_LOOP_ANALYSIS = YES;
				CLANG_WARN_STRICT_PROTOTYPES = YES;
				CLANG_WARN_SUSPICIOUS_MOVE = YES;
				CLANG_WARN_UNGUARDED_AVAILABILITY = YES_AGGRESSIVE;
				CLANG_WARN_UNREACHABLE_CODE = YES;
				CLANG_WARN__DUPLICATE_METHOD_MATCH = YES;
				COPY_PHASE_STRIP = NO;
				DEBUG_INFORMATION_FORMAT = "dwarf-with-dsym";
				ENABLE_NS_ASSERTIONS = NO;
				ENABLE_STRICT_OBJC_MSGSEND = YES;
				GCC_C_LANGUAGE_STANDARD = gnu11;
				GCC_NO_COMMON_BLOCKS = YES;
				GCC_WARN_64_TO_32_BIT_CONVERSION = YES;
				GCC_WARN_ABOUT_RETURN_TYPE = YES_ERROR;
				GCC_WARN_UNDECLARED_SELECTOR = YES;
				GCC_WARN_UNINITIALIZED_AUTOS = YES_AGGRESSIVE;
				GCC_WARN_UNUSED_FUNCTION = YES;
				GCC_WARN_UNUSED_VARIABLE = YES;
				IPHONEOS_DEPLOYMENT_TARGET = 14.0;
				MTL_ENABLE_DEBUG_INFO = NO;
				MTL_FAST_MATH = YES;
				SDKROOT = iphoneos;
				SWIFT_COMPILATION_MODE = wholemodule;
				SWIFT_OPTIMIZATION_LEVEL = "-O";
				VALIDATE_PRODUCT = YES;
			};
			name = Release;
		};
		C95D176224E41944003DF511 /* Debug */ = {
			isa = XCBuildConfiguration;
			buildSettings = {
				ASSETCATALOG_COMPILER_APPICON_NAME = AppIcon;
				ASSETCATALOG_COMPILER_GLOBAL_ACCENT_COLOR_NAME = AccentColor;
				CODE_SIGN_IDENTITY = "Apple Development";
				CODE_SIGN_STYLE = Automatic;
				DEVELOPMENT_TEAM = SVKXCL5QB5;
				INFOPLIST_FILE = RecipeBook/Info.plist;
				IPHONEOS_DEPLOYMENT_TARGET = 13.0;
				LD_RUNPATH_SEARCH_PATHS = (
					"$(inherited)",
					"@executable_path/Frameworks",
				);
				PRODUCT_BUNDLE_IDENTIFIER = "Hiren-Rathod.RecipeBook";
				PRODUCT_NAME = "$(TARGET_NAME)";
				PROVISIONING_PROFILE_SPECIFIER = "";
				SWIFT_VERSION = 5.0;
				TARGETED_DEVICE_FAMILY = 1;
			};
			name = Debug;
		};
		C95D176324E41944003DF511 /* Release */ = {
			isa = XCBuildConfiguration;
			buildSettings = {
				ASSETCATALOG_COMPILER_APPICON_NAME = AppIcon;
				ASSETCATALOG_COMPILER_GLOBAL_ACCENT_COLOR_NAME = AccentColor;
				CODE_SIGN_IDENTITY = "Apple Development";
				CODE_SIGN_STYLE = Automatic;
				DEVELOPMENT_TEAM = SVKXCL5QB5;
				INFOPLIST_FILE = RecipeBook/Info.plist;
				IPHONEOS_DEPLOYMENT_TARGET = 13.0;
				LD_RUNPATH_SEARCH_PATHS = (
					"$(inherited)",
					"@executable_path/Frameworks",
				);
				PRODUCT_BUNDLE_IDENTIFIER = "Hiren-Rathod.RecipeBook";
				PRODUCT_NAME = "$(TARGET_NAME)";
				PROVISIONING_PROFILE_SPECIFIER = "";
				SWIFT_VERSION = 5.0;
				TARGETED_DEVICE_FAMILY = 1;
			};
			name = Release;
		};
/* End XCBuildConfiguration section */

/* Begin XCConfigurationList section */
		C95D174824E41943003DF511 /* Build configuration list for PBXProject "RecipeBook" */ = {
			isa = XCConfigurationList;
			buildConfigurations = (
				C95D175F24E41944003DF511 /* Debug */,
				C95D176024E41944003DF511 /* Release */,
			);
			defaultConfigurationIsVisible = 0;
			defaultConfigurationName = Release;
		};
		C95D176124E41944003DF511 /* Build configuration list for PBXNativeTarget "RecipeBook" */ = {
			isa = XCConfigurationList;
			buildConfigurations = (
				C95D176224E41944003DF511 /* Debug */,
				C95D176324E41944003DF511 /* Release */,
			);
			defaultConfigurationIsVisible = 0;
			defaultConfigurationName = Release;
		};
/* End XCConfigurationList section */
	};
	rootObject = C95D174524E41943003DF511 /* Project object */;
}
